// !$*UTF8*$!
{
	archiveVersion = 1;
	classes = {
	};
	objectVersion = 50;
	objects = {

/* Begin PBXBuildFile section */
		D940C31523D1FDDC00E34564 /* AppDelegate.swift in Sources */ = {isa = PBXBuildFile; fileRef = D940C31423D1FDDC00E34564 /* AppDelegate.swift */; };
		D940C31723D1FDDC00E34564 /* SceneDelegate.swift in Sources */ = {isa = PBXBuildFile; fileRef = D940C31623D1FDDC00E34564 /* SceneDelegate.swift */; };
		D940C31923D1FDDC00E34564 /* ViewController.swift in Sources */ = {isa = PBXBuildFile; fileRef = D940C31823D1FDDC00E34564 /* ViewController.swift */; };
		D940C31C23D1FDDC00E34564 /* Main.storyboard in Resources */ = {isa = PBXBuildFile; fileRef = D940C31A23D1FDDC00E34564 /* Main.storyboard */; };
		D940C31E23D1FDDE00E34564 /* Assets.xcassets in Resources */ = {isa = PBXBuildFile; fileRef = D940C31D23D1FDDE00E34564 /* Assets.xcassets */; };
		D940C32123D1FDDE00E34564 /* LaunchScreen.storyboard in Resources */ = {isa = PBXBuildFile; fileRef = D940C31F23D1FDDE00E34564 /* LaunchScreen.storyboard */; };
		D940C32C23D1FDDE00E34564 /* MyOmikujiAppTests.swift in Sources */ = {isa = PBXBuildFile; fileRef = D940C32B23D1FDDE00E34564 /* MyOmikujiAppTests.swift */; };
		D940C33723D1FDDF00E34564 /* MyOmikujiAppUITests.swift in Sources */ = {isa = PBXBuildFile; fileRef = D940C33623D1FDDF00E34564 /* MyOmikujiAppUITests.swift */; };
/* End PBXBuildFile section */

/* Begin PBXContainerItemProxy section */
		D940C32823D1FDDE00E34564 /* PBXContainerItemProxy */ = {
			isa = PBXContainerItemProxy;
			containerPortal = D940C30923D1FDDC00E34564 /* Project object */;
			proxyType = 1;
			remoteGlobalIDString = D940C31023D1FDDC00E34564;
			remoteInfo = MyOmikujiApp;
		};
		D940C33323D1FDDF00E34564 /* PBXContainerItemProxy */ = {
			isa = PBXContainerItemProxy;
			containerPortal = D940C30923D1FDDC00E34564 /* Project object */;
			proxyType = 1;
			remoteGlobalIDString = D940C31023D1FDDC00E34564;
			remoteInfo = MyOmikujiApp;
		};
/* End PBXContainerItemProxy section */

/* Begin PBXFileReference section */
		D940C31123D1FDDC00E34564 /* MyOmikujiApp.app */ = {isa = PBXFileReference; explicitFileType = wrapper.application; includeInIndex = 0; path = MyOmikujiApp.app; sourceTree = BUILT_PRODUCTS_DIR; };
		D940C31423D1FDDC00E34564 /* AppDelegate.swift */ = {isa = PBXFileReference; lastKnownFileType = sourcecode.swift; path = AppDelegate.swift; sourceTree = "<group>"; };
		D940C31623D1FDDC00E34564 /* SceneDelegate.swift */ = {isa = PBXFileReference; lastKnownFileType = sourcecode.swift; path = SceneDelegate.swift; sourceTree = "<group>"; };
		D940C31823D1FDDC00E34564 /* ViewController.swift */ = {isa = PBXFileReference; lastKnownFileType = sourcecode.swift; path = ViewController.swift; sourceTree = "<group>"; };
		D940C31B23D1FDDC00E34564 /* Base */ = {isa = PBXFileReference; lastKnownFileType = file.storyboard; name = Base; path = Base.lproj/Main.storyboard; sourceTree = "<group>"; };
		D940C31D23D1FDDE00E34564 /* Assets.xcassets */ = {isa = PBXFileReference; lastKnownFileType = folder.assetcatalog; path = Assets.xcassets; sourceTree = "<group>"; };
		D940C32023D1FDDE00E34564 /* Base */ = {isa = PBXFileReference; lastKnownFileType = file.storyboard; name = Base; path = Base.lproj/LaunchScreen.storyboard; sourceTree = "<group>"; };
		D940C32223D1FDDE00E34564 /* Info.plist */ = {isa = PBXFileReference; lastKnownFileType = text.plist.xml; path = Info.plist; sourceTree = "<group>"; };
		D940C32723D1FDDE00E34564 /* MyOmikujiAppTests.xctest */ = {isa = PBXFileReference; explicitFileType = wrapper.cfbundle; includeInIndex = 0; path = MyOmikujiAppTests.xctest; sourceTree = BUILT_PRODUCTS_DIR; };
		D940C32B23D1FDDE00E34564 /* MyOmikujiAppTests.swift */ = {isa = PBXFileReference; lastKnownFileType = sourcecode.swift; path = MyOmikujiAppTests.swift; sourceTree = "<group>"; };
		D940C32D23D1FDDE00E34564 /* Info.plist */ = {isa = PBXFileReference; lastKnownFileType = text.plist.xml; path = Info.plist; sourceTree = "<group>"; };
		D940C33223D1FDDF00E34564 /* MyOmikujiAppUITests.xctest */ = {isa = PBXFileReference; explicitFileType = wrapper.cfbundle; includeInIndex = 0; path = MyOmikujiAppUITests.xctest; sourceTree = BUILT_PRODUCTS_DIR; };
		D940C33623D1FDDF00E34564 /* MyOmikujiAppUITests.swift */ = {isa = PBXFileReference; lastKnownFileType = sourcecode.swift; path = MyOmikujiAppUITests.swift; sourceTree = "<group>"; };
		D940C33823D1FDDF00E34564 /* Info.plist */ = {isa = PBXFileReference; lastKnownFileType = text.plist.xml; path = Info.plist; sourceTree = "<group>"; };
/* End PBXFileReference section */

/* Begin PBXFrameworksBuildPhase section */
		D940C30E23D1FDDC00E34564 /* Frameworks */ = {
			isa = PBXFrameworksBuildPhase;
			buildActionMask = 2147483647;
			files = (
			);
			runOnlyForDeploymentPostprocessing = 0;
		};
		D940C32423D1FDDE00E34564 /* Frameworks */ = {
			isa = PBXFrameworksBuildPhase;
			buildActionMask = 2147483647;
			files = (
			);
			runOnlyForDeploymentPostprocessing = 0;
		};
		D940C32F23D1FDDF00E34564 /* Frameworks */ = {
			isa = PBXFrameworksBuildPhase;
			buildActionMask = 2147483647;
			files = (
			);
			runOnlyForDeploymentPostprocessing = 0;
		};
/* End PBXFrameworksBuildPhase section */

/* Begin PBXGroup section */
		D940C30823D1FDDC00E34564 = {
			isa = PBXGroup;
			children = (
				D940C31323D1FDDC00E34564 /* MyOmikujiApp */,
				D940C32A23D1FDDE00E34564 /* MyOmikujiAppTests */,
				D940C33523D1FDDF00E34564 /* MyOmikujiAppUITests */,
				D940C31223D1FDDC00E34564 /* Products */,
			);
			sourceTree = "<group>";
		};
		D940C31223D1FDDC00E34564 /* Products */ = {
			isa = PBXGroup;
			children = (
				D940C31123D1FDDC00E34564 /* MyOmikujiApp.app */,
				D940C32723D1FDDE00E34564 /* MyOmikujiAppTests.xctest */,
				D940C33223D1FDDF00E34564 /* MyOmikujiAppUITests.xctest */,
			);
			name = Products;
			sourceTree = "<group>";
		};
		D940C31323D1FDDC00E34564 /* MyOmikujiApp */ = {
			isa = PBXGroup;
			children = (
				D940C31423D1FDDC00E34564 /* AppDelegate.swift */,
				D940C31623D1FDDC00E34564 /* SceneDelegate.swift */,
				D940C31823D1FDDC00E34564 /* ViewController.swift */,
				D940C31A23D1FDDC00E34564 /* Main.storyboard */,
				D940C31D23D1FDDE00E34564 /* Assets.xcassets */,
				D940C31F23D1FDDE00E34564 /* LaunchScreen.storyboard */,
				D940C32223D1FDDE00E34564 /* Info.plist */,
			);
			path = MyOmikujiApp;
			sourceTree = "<group>";
		};
		D940C32A23D1FDDE00E34564 /* MyOmikujiAppTests */ = {
			isa = PBXGroup;
			children = (
				D940C32B23D1FDDE00E34564 /* MyOmikujiAppTests.swift */,
				D940C32D23D1FDDE00E34564 /* Info.plist */,
			);
			path = MyOmikujiAppTests;
			sourceTree = "<group>";
		};
		D940C33523D1FDDF00E34564 /* MyOmikujiAppUITests */ = {
			isa = PBXGroup;
			children = (
				D940C33623D1FDDF00E34564 /* MyOmikujiAppUITests.swift */,
				D940C33823D1FDDF00E34564 /* Info.plist */,
			);
			path = MyOmikujiAppUITests;
			sourceTree = "<group>";
		};
/* End PBXGroup section */

/* Begin PBXNativeTarget section */
		D940C31023D1FDDC00E34564 /* MyOmikujiApp */ = {
			isa = PBXNativeTarget;
			buildConfigurationList = D940C33B23D1FDDF00E34564 /* Build configuration list for PBXNativeTarget "MyOmikujiApp" */;
			buildPhases = (
				D940C30D23D1FDDC00E34564 /* Sources */,
				D940C30E23D1FDDC00E34564 /* Frameworks */,
				D940C30F23D1FDDC00E34564 /* Resources */,
			);
			buildRules = (
			);
			dependencies = (
			);
			name = MyOmikujiApp;
			productName = MyOmikujiApp;
			productReference = D940C31123D1FDDC00E34564 /* MyOmikujiApp.app */;
			productType = "com.apple.product-type.application";
		};
		D940C32623D1FDDE00E34564 /* MyOmikujiAppTests */ = {
			isa = PBXNativeTarget;
			buildConfigurationList = D940C33E23D1FDDF00E34564 /* Build configuration list for PBXNativeTarget "MyOmikujiAppTests" */;
			buildPhases = (
				D940C32323D1FDDE00E34564 /* Sources */,
				D940C32423D1FDDE00E34564 /* Frameworks */,
				D940C32523D1FDDE00E34564 /* Resources */,
			);
			buildRules = (
			);
			dependencies = (
				D940C32923D1FDDE00E34564 /* PBXTargetDependency */,
			);
			name = MyOmikujiAppTests;
			productName = MyOmikujiAppTests;
			productReference = D940C32723D1FDDE00E34564 /* MyOmikujiAppTests.xctest */;
			productType = "com.apple.product-type.bundle.unit-test";
		};
		D940C33123D1FDDF00E34564 /* MyOmikujiAppUITests */ = {
			isa = PBXNativeTarget;
			buildConfigurationList = D940C34123D1FDDF00E34564 /* Build configuration list for PBXNativeTarget "MyOmikujiAppUITests" */;
			buildPhases = (
				D940C32E23D1FDDF00E34564 /* Sources */,
				D940C32F23D1FDDF00E34564 /* Frameworks */,
				D940C33023D1FDDF00E34564 /* Resources */,
			);
			buildRules = (
			);
			dependencies = (
				D940C33423D1FDDF00E34564 /* PBXTargetDependency */,
			);
			name = MyOmikujiAppUITests;
			productName = MyOmikujiAppUITests;
			productReference = D940C33223D1FDDF00E34564 /* MyOmikujiAppUITests.xctest */;
			productType = "com.apple.product-type.bundle.ui-testing";
		};
/* End PBXNativeTarget section */

/* Begin PBXProject section */
		D940C30923D1FDDC00E34564 /* Project object */ = {
			isa = PBXProject;
			attributes = {
				LastSwiftUpdateCheck = 1120;
				LastUpgradeCheck = 1120;
				ORGANIZATIONNAME = "金田祐作";
				TargetAttributes = {
					D940C31023D1FDDC00E34564 = {
						CreatedOnToolsVersion = 11.2.1;
					};
					D940C32623D1FDDE00E34564 = {
						CreatedOnToolsVersion = 11.2.1;
						TestTargetID = D940C31023D1FDDC00E34564;
					};
					D940C33123D1FDDF00E34564 = {
						CreatedOnToolsVersion = 11.2.1;
						TestTargetID = D940C31023D1FDDC00E34564;
					};
				};
			};
			buildConfigurationList = D940C30C23D1FDDC00E34564 /* Build configuration list for PBXProject "MyOmikujiApp" */;
			compatibilityVersion = "Xcode 9.3";
			developmentRegion = en;
			hasScannedForEncodings = 0;
			knownRegions = (
				en,
				Base,
			);
			mainGroup = D940C30823D1FDDC00E34564;
			productRefGroup = D940C31223D1FDDC00E34564 /* Products */;
			projectDirPath = "";
			projectRoot = "";
			targets = (
				D940C31023D1FDDC00E34564 /* MyOmikujiApp */,
				D940C32623D1FDDE00E34564 /* MyOmikujiAppTests */,
				D940C33123D1FDDF00E34564 /* MyOmikujiAppUITests */,
			);
		};
/* End PBXProject section */

/* Begin PBXResourcesBuildPhase section */
		D940C30F23D1FDDC00E34564 /* Resources */ = {
			isa = PBXResourcesBuildPhase;
			buildActionMask = 2147483647;
			files = (
				D940C32123D1FDDE00E34564 /* LaunchScreen.storyboard in Resources */,
				D940C31E23D1FDDE00E34564 /* Assets.xcassets in Resources */,
				D940C31C23D1FDDC00E34564 /* Main.storyboard in Resources */,
			);
			runOnlyForDeploymentPostprocessing = 0;
		};
		D940C32523D1FDDE00E34564 /* Resources */ = {
			isa = PBXResourcesBuildPhase;
			buildActionMask = 2147483647;
			files = (
			);
			runOnlyForDeploymentPostprocessing = 0;
		};
		D940C33023D1FDDF00E34564 /* Resources */ = {
			isa = PBXResourcesBuildPhase;
			buildActionMask = 2147483647;
			files = (
			);
			runOnlyForDeploymentPostprocessing = 0;
		};
/* End PBXResourcesBuildPhase section */

/* Begin PBXSourcesBuildPhase section */
		D940C30D23D1FDDC00E34564 /* Sources */ = {
			isa = PBXSourcesBuildPhase;
			buildActionMask = 2147483647;
			files = (
				D940C31923D1FDDC00E34564 /* ViewController.swift in Sources */,
				D940C31523D1FDDC00E34564 /* AppDelegate.swift in Sources */,
				D940C31723D1FDDC00E34564 /* SceneDelegate.swift in Sources */,
			);
			runOnlyForDeploymentPostprocessing = 0;
		};
		D940C32323D1FDDE00E34564 /* Sources */ = {
			isa = PBXSourcesBuildPhase;
			buildActionMask = 2147483647;
			files = (
				D940C32C23D1FDDE00E34564 /* MyOmikujiAppTests.swift in Sources */,
			);
			runOnlyForDeploymentPostprocessing = 0;
		};
		D940C32E23D1FDDF00E34564 /* Sources */ = {
			isa = PBXSourcesBuildPhase;
			buildActionMask = 2147483647;
			files = (
				D940C33723D1FDDF00E34564 /* MyOmikujiAppUITests.swift in Sources */,
			);
			runOnlyForDeploymentPostprocessing = 0;
		};
/* End PBXSourcesBuildPhase section */

/* Begin PBXTargetDependency section */
		D940C32923D1FDDE00E34564 /* PBXTargetDependency */ = {
			isa = PBXTargetDependency;
			target = D940C31023D1FDDC00E34564 /* MyOmikujiApp */;
			targetProxy = D940C32823D1FDDE00E34564 /* PBXContainerItemProxy */;
		};
		D940C33423D1FDDF00E34564 /* PBXTargetDependency */ = {
			isa = PBXTargetDependency;
			target = D940C31023D1FDDC00E34564 /* MyOmikujiApp */;
			targetProxy = D940C33323D1FDDF00E34564 /* PBXContainerItemProxy */;
		};
/* End PBXTargetDependency section */

/* Begin PBXVariantGroup section */
		D940C31A23D1FDDC00E34564 /* Main.storyboard */ = {
			isa = PBXVariantGroup;
			children = (
				D940C31B23D1FDDC00E34564 /* Base */,
			);
			name = Main.storyboard;
			sourceTree = "<group>";
		};
		D940C31F23D1FDDE00E34564 /* LaunchScreen.storyboard */ = {
			isa = PBXVariantGroup;
			children = (
				D940C32023D1FDDE00E34564 /* Base */,
			);
			name = LaunchScreen.storyboard;
			sourceTree = "<group>";
		};
/* End PBXVariantGroup section */

/* Begin XCBuildConfiguration section */
		D940C33923D1FDDF00E34564 /* Debug */ = {
			isa = XCBuildConfiguration;
			buildSettings = {
				ALWAYS_SEARCH_USER_PATHS = NO;
				CLANG_ANALYZER_NONNULL = YES;
				CLANG_ANALYZER_NUMBER_OBJECT_CONVERSION = YES_AGGRESSIVE;
				CLANG_CXX_LANGUAGE_STANDARD = "gnu++14";
				CLANG_CXX_LIBRARY = "libc++";
				CLANG_ENABLE_MODULES = YES;
				CLANG_ENABLE_OBJC_ARC = YES;
				CLANG_ENABLE_OBJC_WEAK = YES;
				CLANG_WARN_BLOCK_CAPTURE_AUTORELEASING = YES;
				CLANG_WARN_BOOL_CONVERSION = YES;
				CLANG_WARN_COMMA = YES;
				CLANG_WARN_CONSTANT_CONVERSION = YES;
				CLANG_WARN_DEPRECATED_OBJC_IMPLEMENTATIONS = YES;
				CLANG_WARN_DIRECT_OBJC_ISA_USAGE = YES_ERROR;
				CLANG_WARN_DOCUMENTATION_COMMENTS = YES;
				CLANG_WARN_EMPTY_BODY = YES;
				CLANG_WARN_ENUM_CONVERSION = YES;
				CLANG_WARN_INFINITE_RECURSION = YES;
				CLANG_WARN_INT_CONVERSION = YES;
				CLANG_WARN_NON_LITERAL_NULL_CONVERSION = YES;
				CLANG_WARN_OBJC_IMPLICIT_RETAIN_SELF = YES;
				CLANG_WARN_OBJC_LITERAL_CONVERSION = YES;
				CLANG_WARN_OBJC_ROOT_CLASS = YES_ERROR;
				CLANG_WARN_RANGE_LOOP_ANALYSIS = YES;
				CLANG_WARN_STRICT_PROTOTYPES = YES;
				CLANG_WARN_SUSPICIOUS_MOVE = YES;
				CLANG_WARN_UNGUARDED_AVAILABILITY = YES_AGGRESSIVE;
				CLANG_WARN_UNREACHABLE_CODE = YES;
				CLANG_WARN__DUPLICATE_METHOD_MATCH = YES;
				COPY_PHASE_STRIP = NO;
				DEBUG_INFORMATION_FORMAT = dwarf;
				ENABLE_STRICT_OBJC_MSGSEND = YES;
				ENABLE_TESTABILITY = YES;
				GCC_C_LANGUAGE_STANDARD = gnu11;
				GCC_DYNAMIC_NO_PIC = NO;
				GCC_NO_COMMON_BLOCKS = YES;
				GCC_OPTIMIZATION_LEVEL = 0;
				GCC_PREPROCESSOR_DEFINITIONS = (
					"DEBUG=1",
					"$(inherited)",
				);
				GCC_WARN_64_TO_32_BIT_CONVERSION = YES;
				GCC_WARN_ABOUT_RETURN_TYPE = YES_ERROR;
				GCC_WARN_UNDECLARED_SELECTOR = YES;
				GCC_WARN_UNINITIALIZED_AUTOS = YES_AGGRESSIVE;
				GCC_WARN_UNUSED_FUNCTION = YES;
				GCC_WARN_UNUSED_VARIABLE = YES;
				IPHONEOS_DEPLOYMENT_TARGET = 13.2;
				MTL_ENABLE_DEBUG_INFO = INCLUDE_SOURCE;
				MTL_FAST_MATH = YES;
				ONLY_ACTIVE_ARCH = YES;
				SDKROOT = iphoneos;
				SWIFT_ACTIVE_COMPILATION_CONDITIONS = DEBUG;
				SWIFT_OPTIMIZATION_LEVEL = "-Onone";
			};
			name = Debug;
		};
		D940C33A23D1FDDF00E34564 /* Release */ = {
			isa = XCBuildConfiguration;
			buildSettings = {
				ALWAYS_SEARCH_USER_PATHS = NO;
				CLANG_ANALYZER_NONNULL = YES;
				CLANG_ANALYZER_NUMBER_OBJECT_CONVERSION = YES_AGGRESSIVE;
				CLANG_CXX_LANGUAGE_STANDARD = "gnu++14";
				CLANG_CXX_LIBRARY = "libc++";
				CLANG_ENABLE_MODULES = YES;
				CLANG_ENABLE_OBJC_ARC = YES;
				CLANG_ENABLE_OBJC_WEAK = YES;
				CLANG_WARN_BLOCK_CAPTURE_AUTORELEASING = YES;
				CLANG_WARN_BOOL_CONVERSION = YES;
				CLANG_WARN_COMMA = YES;
				CLANG_WARN_CONSTANT_CONVERSION = YES;
				CLANG_WARN_DEPRECATED_OBJC_IMPLEMENTATIONS = YES;
				CLANG_WARN_DIRECT_OBJC_ISA_USAGE = YES_ERROR;
				CLANG_WARN_DOCUMENTATION_COMMENTS = YES;
				CLANG_WARN_EMPTY_BODY = YES;
				CLANG_WARN_ENUM_CONVERSION = YES;
				CLANG_WARN_INFINITE_RECURSION = YES;
				CLANG_WARN_INT_CONVERSION = YES;
				CLANG_WARN_NON_LITERAL_NULL_CONVERSION = YES;
				CLANG_WARN_OBJC_IMPLICIT_RETAIN_SELF = YES;
				CLANG_WARN_OBJC_LITERAL_CONVERSION = YES;
				CLANG_WARN_OBJC_ROOT_CLASS = YES_ERROR;
				CLANG_WARN_RANGE_LOOP_ANALYSIS = YES;
				CLANG_WARN_STRICT_PROTOTYPES = YES;
				CLANG_WARN_SUSPICIOUS_MOVE = YES;
				CLANG_WARN_UNGUARDED_AVAILABILITY = YES_AGGRESSIVE;
				CLANG_WARN_UNREACHABLE_CODE = YES;
				CLANG_WARN__DUPLICATE_METHOD_MATCH = YES;
				COPY_PHASE_STRIP = NO;
				DEBUG_INFORMATION_FORMAT = "dwarf-with-dsym";
				ENABLE_NS_ASSERTIONS = NO;
				ENABLE_STRICT_OBJC_MSGSEND = YES;
				GCC_C_LANGUAGE_STANDARD = gnu11;
				GCC_NO_COMMON_BLOCKS = YES;
				GCC_WARN_64_TO_32_BIT_CONVERSION = YES;
				GCC_WARN_ABOUT_RETURN_TYPE = YES_ERROR;
				GCC_WARN_UNDECLARED_SELECTOR = YES;
				GCC_WARN_UNINITIALIZED_AUTOS = YES_AGGRESSIVE;
				GCC_WARN_UNUSED_FUNCTION = YES;
				GCC_WARN_UNUSED_VARIABLE = YES;
				IPHONEOS_DEPLOYMENT_TARGET = 13.2;
				MTL_ENABLE_DEBUG_INFO = NO;
				MTL_FAST_MATH = YES;
				SDKROOT = iphoneos;
				SWIFT_COMPILATION_MODE = wholemodule;
				SWIFT_OPTIMIZATION_LEVEL = "-O";
				VALIDATE_PRODUCT = YES;
			};
			name = Release;
		};
		D940C33C23D1FDDF00E34564 /* Debug */ = {
			isa = XCBuildConfiguration;
			buildSettings = {
				ASSETCATALOG_COMPILER_APPICON_NAME = AppIcon;
				CODE_SIGN_STYLE = Automatic;
				INFOPLIST_FILE = MyOmikujiApp/Info.plist;
				LD_RUNPATH_SEARCH_PATHS = (
					"$(inherited)",
					"@executable_path/Frameworks",
				);
				PRODUCT_BUNDLE_IDENTIFIER = aaa.MyOmikujiApp;
				PRODUCT_NAME = "$(TARGET_NAME)";
				SWIFT_VERSION = 5.0;
				TARGETED_DEVICE_FAMILY = "1,2";
			};
			name = Debug;
		};
		D940C33D23D1FDDF00E34564 /* Release */ = {
			isa = XCBuildConfiguration;
			buildSettings = {
				ASSETCATALOG_COMPILER_APPICON_NAME = AppIcon;
				CODE_SIGN_STYLE = Automatic;
				INFOPLIST_FILE = MyOmikujiApp/Info.plist;
				LD_RUNPATH_SEARCH_PATHS = (
					"$(inherited)",
					"@executable_path/Frameworks",
				);
				PRODUCT_BUNDLE_IDENTIFIER = aaa.MyOmikujiApp;
				PRODUCT_NAME = "$(TARGET_NAME)";
				SWIFT_VERSION = 5.0;
				TARGETED_DEVICE_FAMILY = "1,2";
			};
			name = Release;
		};
		D940C33F23D1FDDF00E34564 /* Debug */ = {
			isa = XCBuildConfiguration;
			buildSettings = {
				ALWAYS_EMBED_SWIFT_STANDARD_LIBRARIES = YES;
				BUNDLE_LOADER = "$(TEST_HOST)";
				CODE_SIGN_STYLE = Automatic;
				INFOPLIST_FILE = MyOmikujiAppTests/Info.plist;
				IPHONEOS_DEPLOYMENT_TARGET = 13.2;
				LD_RUNPATH_SEARCH_PATHS = (
					"$(inherited)",
					"@executable_path/Frameworks",
					"@loader_path/Frameworks",
				);
				PRODUCT_BUNDLE_IDENTIFIER = aaa.MyOmikujiAppTests;
				PRODUCT_NAME = "$(TARGET_NAME)";
				SWIFT_VERSION = 5.0;
				TARGETED_DEVICE_FAMILY = "1,2";
				TEST_HOST = "$(BUILT_PRODUCTS_DIR)/MyOmikujiApp.app/MyOmikujiApp";
			};
			name = Debug;
		};
		D940C34023D1FDDF00E34564 /* Release */ = {
			isa = XCBuildConfiguration;
			buildSettings = {
				ALWAYS_EMBED_SWIFT_STANDARD_LIBRARIES = YES;
				BUNDLE_LOADER = "$(TEST_HOST)";
				CODE_SIGN_STYLE = Automatic;
				INFOPLIST_FILE = MyOmikujiAppTests/Info.plist;
				IPHONEOS_DEPLOYMENT_TARGET = 13.2;
				LD_RUNPATH_SEARCH_PATHS = (
					"$(inherited)",
					"@executable_path/Frameworks",
					"@loader_path/Frameworks",
				);
				PRODUCT_BUNDLE_IDENTIFIER = aaa.MyOmikujiAppTests;
				PRODUCT_NAME = "$(TARGET_NAME)";
				SWIFT_VERSION = 5.0;
				TARGETED_DEVICE_FAMILY = "1,2";
				TEST_HOST = "$(BUILT_PRODUCTS_DIR)/MyOmikujiApp.app/MyOmikujiApp";
			};
			name = Release;
		};
		D940C34223D1FDDF00E34564 /* Debug */ = {
			isa = XCBuildConfiguration;
			buildSettings = {
				ALWAYS_EMBED_SWIFT_STANDARD_LIBRARIES = YES;
				CODE_SIGN_STYLE = Automatic;
				INFOPLIST_FILE = MyOmikujiAppUITests/Info.plist;
				LD_RUNPATH_SEARCH_PATHS = (
					"$(inherited)",
					"@executable_path/Frameworks",
					"@loader_path/Frameworks",
				);
				PRODUCT_BUNDLE_IDENTIFIER = aaa.MyOmikujiAppUITests;
				PRODUCT_NAME = "$(TARGET_NAME)";
				SWIFT_VERSION = 5.0;
				TARGETED_DEVICE_FAMILY = "1,2";
				TEST_TARGET_NAME = MyOmikujiApp;
			};
			name = Debug;
		};
		D940C34323D1FDDF00E34564 /* Release */ = {
			isa = XCBuildConfiguration;
			buildSettings = {
				ALWAYS_EMBED_SWIFT_STANDARD_LIBRARIES = YES;
				CODE_SIGN_STYLE = Automatic;
				INFOPLIST_FILE = MyOmikujiAppUITests/Info.plist;
				LD_RUNPATH_SEARCH_PATHS = (
					"$(inherited)",
					"@executable_path/Frameworks",
					"@loader_path/Frameworks",
				);
				PRODUCT_BUNDLE_IDENTIFIER = aaa.MyOmikujiAppUITests;
				PRODUCT_NAME = "$(TARGET_NAME)";
				SWIFT_VERSION = 5.0;
				TARGETED_DEVICE_FAMILY = "1,2";
				TEST_TARGET_NAME = MyOmikujiApp;
			};
			name = Release;
		};
/* End XCBuildConfiguration section */

/* Begin XCConfigurationList section */
		D940C30C23D1FDDC00E34564 /* Build configuration list for PBXProject "MyOmikujiApp" */ = {
			isa = XCConfigurationList;
			buildConfigurations = (
				D940C33923D1FDDF00E34564 /* Debug */,
				D940C33A23D1FDDF00E34564 /* Release */,
			);
			defaultConfigurationIsVisible = 0;
			defaultConfigurationName = Release;
		};
		D940C33B23D1FDDF00E34564 /* Build configuration list for PBXNativeTarget "MyOmikujiApp" */ = {
			isa = XCConfigurationList;
			buildConfigurations = (
				D940C33C23D1FDDF00E34564 /* Debug */,
				D940C33D23D1FDDF00E34564 /* Release */,
			);
			defaultConfigurationIsVisible = 0;
			defaultConfigurationName = Release;
		};
		D940C33E23D1FDDF00E34564 /* Build configuration list for PBXNativeTarget "MyOmikujiAppTests" */ = {
			isa = XCConfigurationList;
			buildConfigurations = (
				D940C33F23D1FDDF00E34564 /* Debug */,
				D940C34023D1FDDF00E34564 /* Release */,
			);
			defaultConfigurationIsVisible = 0;
			defaultConfigurationName = Release;
		};
		D940C34123D1FDDF00E34564 /* Build configuration list for PBXNativeTarget "MyOmikujiAppUITests" */ = {
			isa = XCConfigurationList;
			buildConfigurations = (
				D940C34223D1FDDF00E34564 /* Debug */,
				D940C34323D1FDDF00E34564 /* Release */,
			);
			defaultConfigurationIsVisible = 0;
			defaultConfigurationName = Release;
		};
/* End XCConfigurationList section */
	};
	rootObject = D940C30923D1FDDC00E34564 /* Project object */;
}
